
Microsoft Visual Studio Solution File, Format Version 12.00
# Visual Studio 15
VisualStudioVersion = 15.0.26228.10
MinimumVisualStudioVersion = 10.0.40219.1
Project("{2150E333-8FDC-42A3-9474-1A3956D46DE8}") = "1.Infrastructure", "1.Infrastructure", "{804DE343-4F19-4BEC-8A7A-296A2C17B2D9}"
EndProject
Project("{2150E333-8FDC-42A3-9474-1A3956D46DE8}") = "2.Domain", "2.Domain", "{99652EB1-504D-4ACC-BB83-B93D116ADE7D}"
EndProject
Project("{2150E333-8FDC-42A3-9474-1A3956D46DE8}") = "3.Application", "3.Application", "{4CDEB4BD-46EA-42BE-995A-94838BA681EC}"
EndProject
Project("{2150E333-8FDC-42A3-9474-1A3956D46DE8}") = "4.Presentation", "4.Presentation", "{2ED9BB5D-0568-4F9C-9CA1-F06CEDAEBF3E}"
EndProject
Project("{9A19103F-16F7-4668-BE54-9A1E7A4F7556}") = "Mica.Infrastructure", "Mica.Infrastructure\Mica.Infrastructure.csproj", "{EE721B09-7911-4347-A294-5B6E47D6F80C}"
EndProject
Project("{9A19103F-16F7-4668-BE54-9A1E7A4F7556}") = "Mica.Domain.Abstract", "Mica.Domain.Abstract\Mica.Domain.Abstract.csproj", "{099E02E2-3825-4986-AE79-907A55CE439C}"
EndProject
Project("{9A19103F-16F7-4668-BE54-9A1E7A4F7556}") = "Mica.Domain.Data", "Mica.Domain.Data\Mica.Domain.Data.csproj", "{E40E805B-34E4-4E04-A675-5AFE02EA2EC4}"
EndProject
Project("{9A19103F-16F7-4668-BE54-9A1E7A4F7556}") = "Mica.Domain.EF", "Mica.Domain.EF\Mica.Domain.EF.csproj", "{D725FC86-62C9-4527-830C-BE0EF3D88542}"
EndProject
Project("{9A19103F-16F7-4668-BE54-9A1E7A4F7556}") = "Mica.Application.Services.Abstract", "Mica.Application.Services.Abstract\Mica.Application.Services.Abstract.csproj", "{358645B3-37F9-46C7-90F8-7C508B5E0051}"
EndProject
Project("{9A19103F-16F7-4668-BE54-9A1E7A4F7556}") = "Mica.Application.Services", "Mica.Application.Services\Mica.Application.Services.csproj", "{787F3E91-3ABD-450A-8EA9-2163A1F69200}"
EndProject
Project("{9A19103F-16F7-4668-BE54-9A1E7A4F7556}") = "Mica.Application.Models", "Mica.Application.Model\Mica.Application.Models.csproj", "{C8C7D1F0-220D-4F41-B909-84A0A9845868}"
EndProject
Project("{9A19103F-16F7-4668-BE54-9A1E7A4F7556}") = "Mica.Application.Mapper", "Mica.Application.Mapper\Mica.Application.Mapper.csproj", "{F237C3A0-7DA9-4851-946D-E5F01A984EB7}"
EndProject
Project("{FAE04EC0-301F-11D3-BF4B-00C04F79EFBC}") = "Mica.Presentation.Web", "Mica.Presentation.Web\Mica.Presentation.Web.csproj", "{59BF4447-48A7-4426-89C4-4833345BBD81}"
EndProject
Project("{E53339B2-1760-4266-BCC7-CA923CBCF16C}") = "docker-compose", "docker-compose.dcproj", "{230CD91F-6C83-4824-B5AD-1E7A48C15F22}"
EndProject
Global
	GlobalSection(SolutionConfigurationPlatforms) = preSolution
		Debug|Any CPU = Debug|Any CPU
		Release|Any CPU = Release|Any CPU
	EndGlobalSection
	GlobalSection(ProjectConfigurationPlatforms) = postSolution
		{EE721B09-7911-4347-A294-5B6E47D6F80C}.Debug|Any CPU.ActiveCfg = Debug|Any CPU
		{EE721B09-7911-4347-A294-5B6E47D6F80C}.Debug|Any CPU.Build.0 = Debug|Any CPU
		{EE721B09-7911-4347-A294-5B6E47D6F80C}.Release|Any CPU.ActiveCfg = Release|Any CPU
		{EE721B09-7911-4347-A294-5B6E47D6F80C}.Release|Any CPU.Build.0 = Release|Any CPU
		{099E02E2-3825-4986-AE79-907A55CE439C}.Debug|Any CPU.ActiveCfg = Debug|Any CPU
		{099E02E2-3825-4986-AE79-907A55CE439C}.Debug|Any CPU.Build.0 = Debug|Any CPU
		{099E02E2-3825-4986-AE79-907A55CE439C}.Release|Any CPU.ActiveCfg = Release|Any CPU
		{099E02E2-3825-4986-AE79-907A55CE439C}.Release|Any CPU.Build.0 = Release|Any CPU
		{E40E805B-34E4-4E04-A675-5AFE02EA2EC4}.Debug|Any CPU.ActiveCfg = Debug|Any CPU
		{E40E805B-34E4-4E04-A675-5AFE02EA2EC4}.Debug|Any CPU.Build.0 = Debug|Any CPU
		{E40E805B-34E4-4E04-A675-5AFE02EA2EC4}.Release|Any CPU.ActiveCfg = Release|Any CPU
		{E40E805B-34E4-4E04-A675-5AFE02EA2EC4}.Release|Any CPU.Build.0 = Release|Any CPU
		{D725FC86-62C9-4527-830C-BE0EF3D88542}.Debug|Any CPU.ActiveCfg = Debug|Any CPU
		{D725FC86-62C9-4527-830C-BE0EF3D88542}.Debug|Any CPU.Build.0 = Debug|Any CPU
		{D725FC86-62C9-4527-830C-BE0EF3D88542}.Release|Any CPU.ActiveCfg = Release|Any CPU
		{D725FC86-62C9-4527-830C-BE0EF3D88542}.Release|Any CPU.Build.0 = Release|Any CPU
		{358645B3-37F9-46C7-90F8-7C508B5E0051}.Debug|Any CPU.ActiveCfg = Debug|Any CPU
		{358645B3-37F9-46C7-90F8-7C508B5E0051}.Debug|Any CPU.Build.0 = Debug|Any CPU
		{358645B3-37F9-46C7-90F8-7C508B5E0051}.Release|Any CPU.ActiveCfg = Release|Any CPU
		{358645B3-37F9-46C7-90F8-7C508B5E0051}.Release|Any CPU.Build.0 = Release|Any CPU
		{787F3E91-3ABD-450A-8EA9-2163A1F69200}.Debug|Any CPU.ActiveCfg = Debug|Any CPU
		{787F3E91-3ABD-450A-8EA9-2163A1F69200}.Debug|Any CPU.Build.0 = Debug|Any CPU
		{787F3E91-3ABD-450A-8EA9-2163A1F69200}.Release|Any CPU.ActiveCfg = Release|Any CPU
		{787F3E91-3ABD-450A-8EA9-2163A1F69200}.Release|Any CPU.Build.0 = Release|Any CPU
		{C8C7D1F0-220D-4F41-B909-84A0A9845868}.Debug|Any CPU.ActiveCfg = Debug|Any CPU
		{C8C7D1F0-220D-4F41-B909-84A0A9845868}.Debug|Any CPU.Build.0 = Debug|Any CPU
		{C8C7D1F0-220D-4F41-B909-84A0A9845868}.Release|Any CPU.ActiveCfg = Release|Any CPU
		{C8C7D1F0-220D-4F41-B909-84A0A9845868}.Release|Any CPU.Build.0 = Release|Any CPU
		{F237C3A0-7DA9-4851-946D-E5F01A984EB7}.Debug|Any CPU.ActiveCfg = Debug|Any CPU
		{F237C3A0-7DA9-4851-946D-E5F01A984EB7}.Debug|Any CPU.Build.0 = Debug|Any CPU
		{F237C3A0-7DA9-4851-946D-E5F01A984EB7}.Release|Any CPU.ActiveCfg = Release|Any CPU
		{F237C3A0-7DA9-4851-946D-E5F01A984EB7}.Release|Any CPU.Build.0 = Release|Any CPU
		{59BF4447-48A7-4426-89C4-4833345BBD81}.Debug|Any CPU.ActiveCfg = Debug|Any CPU
		{59BF4447-48A7-4426-89C4-4833345BBD81}.Debug|Any CPU.Build.0 = Debug|Any CPU
		{59BF4447-48A7-4426-89C4-4833345BBD81}.Release|Any CPU.ActiveCfg = Release|Any CPU
		{59BF4447-48A7-4426-89C4-4833345BBD81}.Release|Any CPU.Build.0 = Release|Any CPU
		{230CD91F-6C83-4824-B5AD-1E7A48C15F22}.Debug|Any CPU.ActiveCfg = Debug|Any CPU
		{230CD91F-6C83-4824-B5AD-1E7A48C15F22}.Debug|Any CPU.Build.0 = Debug|Any CPU
		{230CD91F-6C83-4824-B5AD-1E7A48C15F22}.Release|Any CPU.ActiveCfg = Release|Any CPU
		{230CD91F-6C83-4824-B5AD-1E7A48C15F22}.Release|Any CPU.Build.0 = Release|Any CPU
	EndGlobalSection
	GlobalSection(SolutionProperties) = preSolution
		HideSolutionNode = FALSE
	EndGlobalSection
	GlobalSection(NestedProjects) = preSolution
		{EE721B09-7911-4347-A294-5B6E47D6F80C} = {804DE343-4F19-4BEC-8A7A-296A2C17B2D9}
		{099E02E2-3825-4986-AE79-907A55CE439C} = {99652EB1-504D-4ACC-BB83-B93D116ADE7D}
		{E40E805B-34E4-4E04-A675-5AFE02EA2EC4} = {99652EB1-504D-4ACC-BB83-B93D116ADE7D}
		{D725FC86-62C9-4527-830C-BE0EF3D88542} = {99652EB1-504D-4ACC-BB83-B93D116ADE7D}
		{358645B3-37F9-46C7-90F8-7C508B5E0051} = {4CDEB4BD-46EA-42BE-995A-94838BA681EC}
		{787F3E91-3ABD-450A-8EA9-2163A1F69200} = {4CDEB4BD-46EA-42BE-995A-94838BA681EC}
		{C8C7D1F0-220D-4F41-B909-84A0A9845868} = {4CDEB4BD-46EA-42BE-995A-94838BA681EC}
		{F237C3A0-7DA9-4851-946D-E5F01A984EB7} = {4CDEB4BD-46EA-42BE-995A-94838BA681EC}
		{59BF4447-48A7-4426-89C4-4833345BBD81} = {2ED9BB5D-0568-4F9C-9CA1-F06CEDAEBF3E}
	EndGlobalSection
EndGlobal
